
Microsoft Visual Studio Solution File, Format Version 12.00
# Visual Studio Version 17
VisualStudioVersion = 17.6.33712.159
MinimumVisualStudioVersion = 10.0.40219.1
Project("{8BC9CEB8-8B4A-11D0-8D11-00A0C91BC942}") = "hideme", "hideme.vcxproj", "{7F52584B-C8C3-4155-8186-F328C780D9C2}"
EndProject
Global
	GlobalSection(SolutionConfigurationPlatforms) = preSolution
		Debug|x64 = Debug|x64
		Debug|x86 = Debug|x86
		Release|x64 = Release|x64
		Release|x86 = Release|x86
	EndGlobalSection
	GlobalSection(ProjectConfigurationPlatforms) = postSolution
		{7F52584B-C8C3-4155-8186-F328C780D9C2}.Debug|x64.ActiveCfg = Debug|x64
		{7F52584B-C8C3-4155-8186-F328C780D9C2}.Debug|x64.Build.0 = Debug|x64
		{7F52584B-C8C3-4155-8186-F328C780D9C2}.Debug|x86.ActiveCfg = Debug|Win32
		{7F52584B-C8C3-4155-8186-F328C780D9C2}.Debug|x86.Build.0 = Debug|Win32
		{7F52584B-C8C3-4155-8186-F328C780D9C2}.Release|x64.ActiveCfg = Release|x64
		{7F52584B-C8C3-4155-8186-F328C780D9C2}.Release|x64.Build.0 = Release|x64
		{7F52584B-C8C3-4155-8186-F328C780D9C2}.Release|x86.ActiveCfg = Release|Win32
		{7F52584B-C8C3-4155-8186-F328C780D9C2}.Release|x86.Build.0 = Release|Win32
	EndGlobalSection
	GlobalSection(SolutionProperties) = preSolution
		HideSolutionNode = FALSE
	EndGlobalSection
	GlobalSection(ExtensibilityGlobals) = postSolution
		SolutionGuid = {EA341A64-B689-46E8-A3C7-10C8F8A0489C}
	EndGlobalSection
EndGlobal
